<Solution>
  <Folder Name="/apps/">
    <Project Path="apps/desktop/MuOnline.BuildPlanner.App/MuOnline.BuildPlanner.App.csproj" />
  </Folder>
  <Folder Name="/packages/">
    <Project Path="packages/data-access/MuOnline.BuildPlanner.Data/MuOnline.BuildPlanner.Data.csproj" />
  </Folder>
  <Folder Name="/tools/">
    <Project Path="tools/validators/MuOnline.SchemaValidator/MuOnline.SchemaValidator.csproj" />
  </Folder>
  <Folder Name="/tests/">
    <Project Path="tests/MuOnline.BuildPlanner.Data.IntegrationTests/MuOnline.BuildPlanner.Data.IntegrationTests.csproj" />
    <Project Path="tests/MuOnline.SchemaValidator.Tests/MuOnline.SchemaValidator.Tests.csproj" />
  </Folder>
</Solution>
